// !$*UTF8*$!
{
	archiveVersion = 1;
	classes = {
	};
	objectVersion = 50;
	objects = {

/* Begin PBXBuildFile section */
		84050A2126ECD9950077820E /* AppDelegate.swift in Sources */ = {isa = PBXBuildFile; fileRef = 84050A2026ECD9950077820E /* AppDelegate.swift */; };
		84050A2326ECD9950077820E /* SceneDelegate.swift in Sources */ = {isa = PBXBuildFile; fileRef = 84050A2226ECD9950077820E /* SceneDelegate.swift */; };
		84050A2826ECD9950077820E /* Main.storyboard in Resources */ = {isa = PBXBuildFile; fileRef = 84050A2626ECD9950077820E /* Main.storyboard */; };
		84050A2B26ECD9950077820E /* Finex__v_1_0_.xcdatamodeld in Sources */ = {isa = PBXBuildFile; fileRef = 84050A2926ECD9950077820E /* Finex__v_1_0_.xcdatamodeld */; };
		84050A2D26ECD9970077820E /* Assets.xcassets in Resources */ = {isa = PBXBuildFile; fileRef = 84050A2C26ECD9970077820E /* Assets.xcassets */; };
		84050A3026ECD9970077820E /* LaunchScreen.storyboard in Resources */ = {isa = PBXBuildFile; fileRef = 84050A2E26ECD9970077820E /* LaunchScreen.storyboard */; };
		84050A3826ECDC740077820E /* StockTableViewController.swift in Sources */ = {isa = PBXBuildFile; fileRef = 84050A3726ECDC740077820E /* StockTableViewController.swift */; };
/* End PBXBuildFile section */

/* Begin PBXFileReference section */
		84050A1D26ECD9950077820E /* Finex (v.1.0).app */ = {isa = PBXFileReference; explicitFileType = wrapper.application; includeInIndex = 0; path = "Finex (v.1.0).app"; sourceTree = BUILT_PRODUCTS_DIR; };
		84050A2026ECD9950077820E /* AppDelegate.swift */ = {isa = PBXFileReference; lastKnownFileType = sourcecode.swift; path = AppDelegate.swift; sourceTree = "<group>"; };
		84050A2226ECD9950077820E /* SceneDelegate.swift */ = {isa = PBXFileReference; lastKnownFileType = sourcecode.swift; path = SceneDelegate.swift; sourceTree = "<group>"; };
		84050A2726ECD9950077820E /* Base */ = {isa = PBXFileReference; lastKnownFileType = file.storyboard; name = Base; path = Base.lproj/Main.storyboard; sourceTree = "<group>"; };
		84050A2A26ECD9950077820E /* Finex__v_1_0_.xcdatamodel */ = {isa = PBXFileReference; lastKnownFileType = wrapper.xcdatamodel; path = Finex__v_1_0_.xcdatamodel; sourceTree = "<group>"; };
		84050A2C26ECD9970077820E /* Assets.xcassets */ = {isa = PBXFileReference; lastKnownFileType = folder.assetcatalog; path = Assets.xcassets; sourceTree = "<group>"; };
		84050A2F26ECD9970077820E /* Base */ = {isa = PBXFileReference; lastKnownFileType = file.storyboard; name = Base; path = Base.lproj/LaunchScreen.storyboard; sourceTree = "<group>"; };
		84050A3126ECD9970077820E /* Info.plist */ = {isa = PBXFileReference; lastKnownFileType = text.plist.xml; path = Info.plist; sourceTree = "<group>"; };
		84050A3726ECDC740077820E /* StockTableViewController.swift */ = {isa = PBXFileReference; lastKnownFileType = sourcecode.swift; path = StockTableViewController.swift; sourceTree = "<group>"; };
/* End PBXFileReference section */

/* Begin PBXFrameworksBuildPhase section */
		84050A1A26ECD9950077820E /* Frameworks */ = {
			isa = PBXFrameworksBuildPhase;
			buildActionMask = 2147483647;
			files = (
			);
			runOnlyForDeploymentPostprocessing = 0;
		};
/* End PBXFrameworksBuildPhase section */

/* Begin PBXGroup section */
		84050A1426ECD9950077820E = {
			isa = PBXGroup;
			children = (
				84050A1F26ECD9950077820E /* Finex (v.1.0) */,
				84050A1E26ECD9950077820E /* Products */,
			);
			sourceTree = "<group>";
		};
		84050A1E26ECD9950077820E /* Products */ = {
			isa = PBXGroup;
			children = (
				84050A1D26ECD9950077820E /* Finex (v.1.0).app */,
			);
			name = Products;
			sourceTree = "<group>";
		};
		84050A1F26ECD9950077820E /* Finex (v.1.0) */ = {
			isa = PBXGroup;
			children = (
				84050A2026ECD9950077820E /* AppDelegate.swift */,
				84050A2226ECD9950077820E /* SceneDelegate.swift */,
				84050A2626ECD9950077820E /* Main.storyboard */,
				84050A3726ECDC740077820E /* StockTableViewController.swift */,
				84050A2C26ECD9970077820E /* Assets.xcassets */,
				84050A2E26ECD9970077820E /* LaunchScreen.storyboard */,
				84050A3126ECD9970077820E /* Info.plist */,
				84050A2926ECD9950077820E /* Finex__v_1_0_.xcdatamodeld */,
			);
			path = "Finex (v.1.0)";
			sourceTree = "<group>";
		};
/* End PBXGroup section */

/* Begin PBXNativeTarget section */
		84050A1C26ECD9950077820E /* Finex (v.1.0) */ = {
			isa = PBXNativeTarget;
			buildConfigurationList = 84050A3426ECD9970077820E /* Build configuration list for PBXNativeTarget "Finex (v.1.0)" */;
			buildPhases = (
				84050A1926ECD9950077820E /* Sources */,
				84050A1A26ECD9950077820E /* Frameworks */,
				84050A1B26ECD9950077820E /* Resources */,
			);
			buildRules = (
			);
			dependencies = (
			);
			name = "Finex (v.1.0)";
			productName = "Finex (v.1.0)";
			productReference = 84050A1D26ECD9950077820E /* Finex (v.1.0).app */;
			productType = "com.apple.product-type.application";
		};
/* End PBXNativeTarget section */

/* Begin PBXProject section */
		84050A1526ECD9950077820E /* Project object */ = {
			isa = PBXProject;
			attributes = {
				LastSwiftUpdateCheck = 1250;
				LastUpgradeCheck = 1250;
				TargetAttributes = {
					84050A1C26ECD9950077820E = {
						CreatedOnToolsVersion = 12.5.1;
					};
				};
			};
			buildConfigurationList = 84050A1826ECD9950077820E /* Build configuration list for PBXProject "Finex (v.1.0)" */;
			compatibilityVersion = "Xcode 9.3";
			developmentRegion = en;
			hasScannedForEncodings = 0;
			knownRegions = (
				en,
				Base,
			);
			mainGroup = 84050A1426ECD9950077820E;
			productRefGroup = 84050A1E26ECD9950077820E /* Products */;
			projectDirPath = "";
			projectRoot = "";
			targets = (
				84050A1C26ECD9950077820E /* Finex (v.1.0) */,
			);
		};
/* End PBXProject section */

/* Begin PBXResourcesBuildPhase section */
		84050A1B26ECD9950077820E /* Resources */ = {
			isa = PBXResourcesBuildPhase;
			buildActionMask = 2147483647;
			files = (
				84050A3026ECD9970077820E /* LaunchScreen.storyboard in Resources */,
				84050A2D26ECD9970077820E /* Assets.xcassets in Resources */,
				84050A2826ECD9950077820E /* Main.storyboard in Resources */,
			);
			runOnlyForDeploymentPostprocessing = 0;
		};
/* End PBXResourcesBuildPhase section */

/* Begin PBXSourcesBuildPhase section */
		84050A1926ECD9950077820E /* Sources */ = {
			isa = PBXSourcesBuildPhase;
			buildActionMask = 2147483647;
			files = (
				84050A3826ECDC740077820E /* StockTableViewController.swift in Sources */,
				84050A2126ECD9950077820E /* AppDelegate.swift in Sources */,
				84050A2B26ECD9950077820E /* Finex__v_1_0_.xcdatamodeld in Sources */,
				84050A2326ECD9950077820E /* SceneDelegate.swift in Sources */,
			);
			runOnlyForDeploymentPostprocessing = 0;
		};
/* End PBXSourcesBuildPhase section */

/* Begin PBXVariantGroup section */
		84050A2626ECD9950077820E /* Main.storyboard */ = {
			isa = PBXVariantGroup;
			children = (
				84050A2726ECD9950077820E /* Base */,
			);
			name = Main.storyboard;
			sourceTree = "<group>";
		};
		84050A2E26ECD9970077820E /* LaunchScreen.storyboard */ = {
			isa = PBXVariantGroup;
			children = (
				84050A2F26ECD9970077820E /* Base */,
			);
			name = LaunchScreen.storyboard;
			sourceTree = "<group>";
		};
/* End PBXVariantGroup section */

/* Begin XCBuildConfiguration section */
		84050A3226ECD9970077820E /* Debug */ = {
			isa = XCBuildConfiguration;
			buildSettings = {
				ALWAYS_SEARCH_USER_PATHS = NO;
				CLANG_ANALYZER_NONNULL = YES;
				CLANG_ANALYZER_NUMBER_OBJECT_CONVERSION = YES_AGGRESSIVE;
				CLANG_CXX_LANGUAGE_STANDARD = "gnu++14";
				CLANG_CXX_LIBRARY = "libc++";
				CLANG_ENABLE_MODULES = YES;
				CLANG_ENABLE_OBJC_ARC = YES;
				CLANG_ENABLE_OBJC_WEAK = YES;
				CLANG_WARN_BLOCK_CAPTURE_AUTORELEASING = YES;
				CLANG_WARN_BOOL_CONVERSION = YES;
				CLANG_WARN_COMMA = YES;
				CLANG_WARN_CONSTANT_CONVERSION = YES;
				CLANG_WARN_DEPRECATED_OBJC_IMPLEMENTATIONS = YES;
				CLANG_WARN_DIRECT_OBJC_ISA_USAGE = YES_ERROR;
				CLANG_WARN_DOCUMENTATION_COMMENTS = YES;
				CLANG_WARN_EMPTY_BODY = YES;
				CLANG_WARN_ENUM_CONVERSION = YES;
				CLANG_WARN_INFINITE_RECURSION = YES;
				CLANG_WARN_INT_CONVERSION = YES;
				CLANG_WARN_NON_LITERAL_NULL_CONVERSION = YES;
				CLANG_WARN_OBJC_IMPLICIT_RETAIN_SELF = YES;
				CLANG_WARN_OBJC_LITERAL_CONVERSION = YES;
				CLANG_WARN_OBJC_ROOT_CLASS = YES_ERROR;
				CLANG_WARN_QUOTED_INCLUDE_IN_FRAMEWORK_HEADER = YES;
				CLANG_WARN_RANGE_LOOP_ANALYSIS = YES;
				CLANG_WARN_STRICT_PROTOTYPES = YES;
				CLANG_WARN_SUSPICIOUS_MOVE = YES;
				CLANG_WARN_UNGUARDED_AVAILABILITY = YES_AGGRESSIVE;
				CLANG_WARN_UNREACHABLE_CODE = YES;
				CLANG_WARN__DUPLICATE_METHOD_MATCH = YES;
				COPY_PHASE_STRIP = NO;
				DEBUG_INFORMATION_FORMAT = dwarf;
				ENABLE_STRICT_OBJC_MSGSEND = YES;
				ENABLE_TESTABILITY = YES;
				GCC_C_LANGUAGE_STANDARD = gnu11;
				GCC_DYNAMIC_NO_PIC = NO;
				GCC_NO_COMMON_BLOCKS = YES;
				GCC_OPTIMIZATION_LEVEL = 0;
				GCC_PREPROCESSOR_DEFINITIONS = (
					"DEBUG=1",
					"$(inherited)",
				);
				GCC_WARN_64_TO_32_BIT_CONVERSION = YES;
				GCC_WARN_ABOUT_RETURN_TYPE = YES_ERROR;
				GCC_WARN_UNDECLARED_SELECTOR = YES;
				GCC_WARN_UNINITIALIZED_AUTOS = YES_AGGRESSIVE;
				GCC_WARN_UNUSED_FUNCTION = YES;
				GCC_WARN_UNUSED_VARIABLE = YES;
				IPHONEOS_DEPLOYMENT_TARGET = 14.5;
				MTL_ENABLE_DEBUG_INFO = INCLUDE_SOURCE;
				MTL_FAST_MATH = YES;
				ONLY_ACTIVE_ARCH = YES;
				SDKROOT = iphoneos;
				SWIFT_ACTIVE_COMPILATION_CONDITIONS = DEBUG;
				SWIFT_OPTIMIZATION_LEVEL = "-Onone";
			};
			name = Debug;
		};
		84050A3326ECD9970077820E /* Release */ = {
			isa = XCBuildConfiguration;
			buildSettings = {
				ALWAYS_SEARCH_USER_PATHS = NO;
				CLANG_ANALYZER_NONNULL = YES;
				CLANG_ANALYZER_NUMBER_OBJECT_CONVERSION = YES_AGGRESSIVE;
				CLANG_CXX_LANGUAGE_STANDARD = "gnu++14";
				CLANG_CXX_LIBRARY = "libc++";
				CLANG_ENABLE_MODULES = YES;
				CLANG_ENABLE_OBJC_ARC = YES;
				CLANG_ENABLE_OBJC_WEAK = YES;
				CLANG_WARN_BLOCK_CAPTURE_AUTORELEASING = YES;
				CLANG_WARN_BOOL_CONVERSION = YES;
				CLANG_WARN_COMMA = YES;
				CLANG_WARN_CONSTANT_CONVERSION = YES;
				CLANG_WARN_DEPRECATED_OBJC_IMPLEMENTATIONS = YES;
				CLANG_WARN_DIRECT_OBJC_ISA_USAGE = YES_ERROR;
				CLANG_WARN_DOCUMENTATION_COMMENTS = YES;
				CLANG_WARN_EMPTY_BODY = YES;
				CLANG_WARN_ENUM_CONVERSION = YES;
				CLANG_WARN_INFINITE_RECURSION = YES;
				CLANG_WARN_INT_CONVERSION = YES;
				CLANG_WARN_NON_LITERAL_NULL_CONVERSION = YES;
				CLANG_WARN_OBJC_IMPLICIT_RETAIN_SELF = YES;
				CLANG_WARN_OBJC_LITERAL_CONVERSION = YES;
				CLANG_WARN_OBJC_ROOT_CLASS = YES_ERROR;
				CLANG_WARN_QUOTED_INCLUDE_IN_FRAMEWORK_HEADER = YES;
				CLANG_WARN_RANGE_LOOP_ANALYSIS = YES;
				CLANG_WARN_STRICT_PROTOTYPES = YES;
				CLANG_WARN_SUSPICIOUS_MOVE = YES;
				CLANG_WARN_UNGUARDED_AVAILABILITY = YES_AGGRESSIVE;
				CLANG_WARN_UNREACHABLE_CODE = YES;
				CLANG_WARN__DUPLICATE_METHOD_MATCH = YES;
				COPY_PHASE_STRIP = NO;
				DEBUG_INFORMATION_FORMAT = "dwarf-with-dsym";
				ENABLE_NS_ASSERTIONS = NO;
				ENABLE_STRICT_OBJC_MSGSEND = YES;
				GCC_C_LANGUAGE_STANDARD = gnu11;
				GCC_NO_COMMON_BLOCKS = YES;
				GCC_WARN_64_TO_32_BIT_CONVERSION = YES;
				GCC_WARN_ABOUT_RETURN_TYPE = YES_ERROR;
				GCC_WARN_UNDECLARED_SELECTOR = YES;
				GCC_WARN_UNINITIALIZED_AUTOS = YES_AGGRESSIVE;
				GCC_WARN_UNUSED_FUNCTION = YES;
				GCC_WARN_UNUSED_VARIABLE = YES;
				IPHONEOS_DEPLOYMENT_TARGET = 14.5;
				MTL_ENABLE_DEBUG_INFO = NO;
				MTL_FAST_MATH = YES;
				SDKROOT = iphoneos;
				SWIFT_COMPILATION_MODE = wholemodule;
				SWIFT_OPTIMIZATION_LEVEL = "-O";
				VALIDATE_PRODUCT = YES;
			};
			name = Release;
		};
		84050A3526ECD9970077820E /* Debug */ = {
			isa = XCBuildConfiguration;
			buildSettings = {
				ASSETCATALOG_COMPILER_APPICON_NAME = AppIcon;
				ASSETCATALOG_COMPILER_GLOBAL_ACCENT_COLOR_NAME = AccentColor;
				CODE_SIGN_STYLE = Automatic;
				DEVELOPMENT_TEAM = 4R8X34CJH8;
				INFOPLIST_FILE = "Finex (v.1.0)/Info.plist";
				LD_RUNPATH_SEARCH_PATHS = (
					"$(inherited)",
					"@executable_path/Frameworks",
				);
				PRODUCT_BUNDLE_IDENTIFIER = "Home.Finex--v-1-0-";
				PRODUCT_NAME = "$(TARGET_NAME)";
				SWIFT_VERSION = 5.0;
				TARGETED_DEVICE_FAMILY = 1;
			};
			name = Debug;
		};
		84050A3626ECD9970077820E /* Release */ = {
			isa = XCBuildConfiguration;
			buildSettings = {
				ASSETCATALOG_COMPILER_APPICON_NAME = AppIcon;
				ASSETCATALOG_COMPILER_GLOBAL_ACCENT_COLOR_NAME = AccentColor;
				CODE_SIGN_STYLE = Automatic;
				DEVELOPMENT_TEAM = 4R8X34CJH8;
				INFOPLIST_FILE = "Finex (v.1.0)/Info.plist";
				LD_RUNPATH_SEARCH_PATHS = (
					"$(inherited)",
					"@executable_path/Frameworks",
				);
				PRODUCT_BUNDLE_IDENTIFIER = "Home.Finex--v-1-0-";
				PRODUCT_NAME = "$(TARGET_NAME)";
				SWIFT_VERSION = 5.0;
				TARGETED_DEVICE_FAMILY = 1;
			};
			name = Release;
		};
/* End XCBuildConfiguration section */

/* Begin XCConfigurationList section */
		84050A1826ECD9950077820E /* Build configuration list for PBXProject "Finex (v.1.0)" */ = {
			isa = XCConfigurationList;
			buildConfigurations = (
				84050A3226ECD9970077820E /* Debug */,
				84050A3326ECD9970077820E /* Release */,
			);
			defaultConfigurationIsVisible = 0;
			defaultConfigurationName = Release;
		};
		84050A3426ECD9970077820E /* Build configuration list for PBXNativeTarget "Finex (v.1.0)" */ = {
			isa = XCConfigurationList;
			buildConfigurations = (
				84050A3526ECD9970077820E /* Debug */,
				84050A3626ECD9970077820E /* Release */,
			);
			defaultConfigurationIsVisible = 0;
			defaultConfigurationName = Release;
		};
/* End XCConfigurationList section */

/* Begin XCVersionGroup section */
		84050A2926ECD9950077820E /* Finex__v_1_0_.xcdatamodeld */ = {
			isa = XCVersionGroup;
			children = (
				84050A2A26ECD9950077820E /* Finex__v_1_0_.xcdatamodel */,
			);
			currentVersion = 84050A2A26ECD9950077820E /* Finex__v_1_0_.xcdatamodel */;
			path = Finex__v_1_0_.xcdatamodeld;
			sourceTree = "<group>";
			versionGroupType = wrapper.xcdatamodel;
		};
/* End XCVersionGroup section */
	};
	rootObject = 84050A1526ECD9950077820E /* Project object */;
}
